{
  "version": 4,
  "terraform_version": "1.12.2",
  "serial": 5,
  "lineage": "01357c96-2556-f51a-dd5e-6c61b5a6854b",
  "outputs": {
    "application_url": {
      "value": "http://18.219.241.199:8080",
      "type": "string"
    },
    "instance_id": {
      "value": "i-0a22ce517f63fb06c",
      "type": "string"
    },
    "instance_public_dns": {
      "value": "ec2-18-219-241-199.us-east-2.compute.amazonaws.com",
      "type": "string"
    },
    "instance_public_ip": {
      "value": "18.219.241.199",
      "type": "string"
    },
    "ssh_connection": {
      "value": "ssh -i /home/arangua/.ssh/ec2 ubuntu@18.219.241.199",
      "type": "string"
    }
  },
  "resources": [
    {
      "mode": "data",
      "type": "aws_ami",
      "name": "ubuntu",
      "provider": "provider[\"registry.terraform.io/hashicorp/aws\"]",
      "instances": [
        {
          "schema_version": 0,
          "attributes": {
            "allow_unsafe_filter": null,
            "architecture": "x86_64",
            "arn": "arn:aws:ec2:us-east-2::image/ami-0911fd09f1f167a99",
            "block_device_mappings": [
              {
                "device_name": "/dev/sda1",
                "ebs": {
                  "delete_on_termination": "true",
                  "encrypted": "false",
                  "iops": "0",
                  "snapshot_id": "snap-09ba34e3634ee6dc5",
                  "throughput": "0",
                  "volume_initialization_rate": "0",
                  "volume_size": "8",
                  "volume_type": "gp2"
                },
                "no_device": "",
                "virtual_name": ""
              },
              {
                "device_name": "/dev/sdb",
                "ebs": {},
                "no_device": "",
                "virtual_name": "ephemeral0"
              },
              {
                "device_name": "/dev/sdc",
                "ebs": {},
                "no_device": "",
                "virtual_name": "ephemeral1"
              }
            ],
            "boot_mode": "uefi-preferred",
            "creation_date": "2025-11-11T07:04:09.000Z",
            "deprecation_time": "2027-11-11T07:04:09.000Z",
            "description": "Canonical, Ubuntu, 22.04, amd64 jammy image",
            "ena_support": true,
            "executable_users": null,
            "filter": [
              {
                "name": "name",
                "values": [
                  "ubuntu/images/hvm-ssd*/ubuntu-*-22.04-amd64-server-*"
                ]
              },
              {
                "name": "virtualization-type",
                "values": [
                  "hvm"
                ]
              }
            ],
            "hypervisor": "xen",
            "id": "ami-0911fd09f1f167a99",
            "image_id": "ami-0911fd09f1f167a99",
            "image_location": "amazon/ubuntu/images/hvm-ssd/ubuntu-jammy-22.04-amd64-server-20251111",
            "image_owner_alias": "amazon",
            "image_type": "machine",
            "imds_support": "",
            "include_deprecated": false,
            "kernel_id": "",
            "last_launched_time": "",
            "most_recent": true,
            "name": "ubuntu/images/hvm-ssd/ubuntu-jammy-22.04-amd64-server-20251111",
            "name_regex": null,
            "owner_id": "099720109477",
            "owners": [
              "099720109477"
            ],
            "platform": "",
            "platform_details": "Linux/UNIX",
            "product_codes": [],
            "public": true,
            "ramdisk_id": "",
            "region": "us-east-2",
            "root_device_name": "/dev/sda1",
            "root_device_type": "ebs",
            "root_snapshot_id": "snap-09ba34e3634ee6dc5",
            "sriov_net_support": "simple",
            "state": "available",
            "state_reason": {
              "code": "UNSET",
              "message": "UNSET"
            },
            "tags": {},
            "timeouts": null,
            "tpm_support": "",
            "uefi_data": null,
            "usage_operation": "RunInstances",
            "virtualization_type": "hvm"
          },
          "sensitive_attributes": [],
          "identity_schema_version": 0
        }
      ]
    },
    {
      "mode": "data",
      "type": "aws_subnets",
      "name": "default",
      "provider": "provider[\"registry.terraform.io/hashicorp/aws\"]",
      "instances": [
        {
          "schema_version": 0,
          "attributes": {
            "filter": [
              {
                "name": "vpc-id",
                "values": [
                  "vpc-0dc492eac197cb14a"
                ]
              }
            ],
            "id": "us-east-2",
            "ids": [
              "subnet-0e70a1d868c808c31",
              "subnet-08733e2a722b56bb1",
              "subnet-0a039e340b48d41da"
            ],
            "region": "us-east-2",
            "tags": null,
            "timeouts": null
          },
          "sensitive_attributes": [],
          "identity_schema_version": 0
        }
      ]
    },
    {
      "mode": "data",
      "type": "aws_vpc",
      "name": "default",
      "provider": "provider[\"registry.terraform.io/hashicorp/aws\"]",
      "instances": [
        {
          "schema_version": 0,
          "attributes": {
            "arn": "arn:aws:ec2:us-east-2:152687308525:vpc/vpc-0dc492eac197cb14a",
            "cidr_block": "172.31.0.0/16",
            "cidr_block_associations": [
              {
                "association_id": "vpc-cidr-assoc-0bbca58261fd7b7aa",
                "cidr_block": "172.31.0.0/16",
                "state": "associated"
              }
            ],
            "default": true,
            "dhcp_options_id": "dopt-04619c690a9c06a1b",
            "enable_dns_hostnames": true,
            "enable_dns_support": true,
            "enable_network_address_usage_metrics": false,
            "filter": null,
            "id": "vpc-0dc492eac197cb14a",
            "instance_tenancy": "default",
            "ipv6_association_id": "",
            "ipv6_cidr_block": "",
            "main_route_table_id": "rtb-05f447db0632bfe3c",
            "owner_id": "152687308525",
            "region": "us-east-2",
            "state": null,
            "tags": {},
            "timeouts": null
          },
          "sensitive_attributes": [],
          "identity_schema_version": 0
        }
      ]
    },
    {
      "mode": "managed",
      "type": "aws_instance",
      "name": "todoing_server",
      "provider": "provider[\"registry.terraform.io/hashicorp/aws\"]",
      "instances": [
        {
          "schema_version": 2,
          "attributes": {
            "ami": "ami-0911fd09f1f167a99",
            "arn": "arn:aws:ec2:us-east-2:152687308525:instance/i-0a22ce517f63fb06c",
            "associate_public_ip_address": true,
            "availability_zone": "us-east-2c",
            "capacity_reservation_specification": [
              {
                "capacity_reservation_preference": "open",
                "capacity_reservation_target": []
              }
            ],
            "cpu_options": [
              {
                "amd_sev_snp": "",
                "core_count": 1,
                "threads_per_core": 2
              }
            ],
            "credit_specification": [
              {
                "cpu_credits": "unlimited"
              }
            ],
            "disable_api_stop": false,
            "disable_api_termination": false,
            "ebs_block_device": [],
            "ebs_optimized": false,
            "enable_primary_ipv6": null,
            "enclave_options": [
              {
                "enabled": false
              }
            ],
            "ephemeral_block_device": [],
            "force_destroy": false,
            "get_password_data": false,
            "hibernation": false,
            "host_id": "",
            "host_resource_group_arn": null,
            "iam_instance_profile": "",
            "id": "i-0a22ce517f63fb06c",
            "instance_initiated_shutdown_behavior": "stop",
            "instance_lifecycle": "",
            "instance_market_options": [],
            "instance_state": "running",
            "instance_type": "t3.micro",
            "ipv6_address_count": 0,
            "ipv6_addresses": [],
            "key_name": "todoing-key",
            "launch_template": [],
            "maintenance_options": [
              {
                "auto_recovery": "default"
              }
            ],
            "metadata_options": [
              {
                "http_endpoint": "enabled",
                "http_protocol_ipv6": "disabled",
                "http_put_response_hop_limit": 1,
                "http_tokens": "optional",
                "instance_metadata_tags": "disabled"
              }
            ],
            "monitoring": false,
            "network_interface": [],
            "outpost_arn": "",
            "password_data": "",
            "placement_group": "",
            "placement_group_id": "",
            "placement_partition_number": 0,
            "primary_network_interface": [
              {
                "delete_on_termination": true,
                "network_interface_id": "eni-0c567b081d15dbd0e"
              }
            ],
            "primary_network_interface_id": "eni-0c567b081d15dbd0e",
            "private_dns": "ip-172-31-40-211.us-east-2.compute.internal",
            "private_dns_name_options": [
              {
                "enable_resource_name_dns_a_record": false,
                "enable_resource_name_dns_aaaa_record": false,
                "hostname_type": "ip-name"
              }
            ],
            "private_ip": "172.31.40.211",
            "public_dns": "ec2-18-219-241-199.us-east-2.compute.amazonaws.com",
            "public_ip": "18.219.241.199",
            "region": "us-east-2",
            "root_block_device": [
              {
                "delete_on_termination": true,
                "device_name": "/dev/sda1",
                "encrypted": false,
                "iops": 3000,
                "kms_key_id": "",
                "tags": null,
                "tags_all": {},
                "throughput": 125,
                "volume_id": "vol-0c2b418718d001f5a",
                "volume_size": 20,
                "volume_type": "gp3"
              }
            ],
            "secondary_private_ips": [],
            "security_groups": [
              "todoing-security-group"
            ],
            "source_dest_check": true,
            "spot_instance_request_id": "",
            "subnet_id": "subnet-08733e2a722b56bb1",
            "tags": {
              "Environment": "production",
              "ManagedBy": "Terraform",
              "Name": "todoing-server",
              "Project": "ToDoing"
            },
            "tags_all": {
              "Environment": "production",
              "ManagedBy": "Terraform",
              "Name": "todoing-server",
              "Project": "ToDoing"
            },
            "tenancy": "default",
            "timeouts": null,
            "user_data": "#!/bin/bash\napt-get update\napt-get install -y python3 python3-pip\n",
            "user_data_base64": null,
            "user_data_replace_on_change": false,
            "volume_tags": null,
            "vpc_security_group_ids": [
              "sg-0340265c0cf23bb16"
            ]
          },
          "sensitive_attributes": [],
          "identity_schema_version": 0,
          "identity": {
            "account_id": "152687308525",
            "id": "i-0a22ce517f63fb06c",
            "region": "us-east-2"
          },
          "private": "eyJlMmJmYjczMC1lY2FhLTExZTYtOGY4OC0zNDM2M2JjN2M0YzAiOnsiY3JlYXRlIjo2MDAwMDAwMDAwMDAsImRlbGV0ZSI6MTIwMDAwMDAwMDAwMCwicmVhZCI6OTAwMDAwMDAwMDAwLCJ1cGRhdGUiOjYwMDAwMDAwMDAwMH0sInNjaGVtYV92ZXJzaW9uIjoiMiJ9",
          "dependencies": [
            "aws_key_pair.todoing_key",
            "aws_security_group.todoing_sg",
            "data.aws_ami.ubuntu",
            "data.aws_vpc.default"
          ]
        }
      ]
    },
    {
      "mode": "managed",
      "type": "aws_key_pair",
      "name": "todoing_key",
      "provider": "provider[\"registry.terraform.io/hashicorp/aws\"]",
      "instances": [
        {
          "schema_version": 1,
          "attributes": {
            "arn": "arn:aws:ec2:us-east-2:152687308525:key-pair/todoing-key",
            "fingerprint": "35:2e:d7:17:e4:7f:39:7b:e0:66:76:03:03:60:d2:98",
            "id": "todoing-key",
            "key_name": "todoing-key",
            "key_name_prefix": "",
            "key_pair_id": "key-05bf8f121ee12c00c",
            "key_type": "rsa",
            "public_key": "ssh-rsa AAAAB3NzaC1yc2EAAAADAQABAAACAQCp4XQqU+s24UceyBI4mpCxaWx5ABXBpX0Cu1Z2rA+YFnqVO6o4eLufpDfvL0IFc/C36cfJDwZ0Gyr5YG1qriI9BUmEnSU7goXs3n6J6BZYAcq95XveHJPKypwABoSzOnQvjqCoPrusrQ0aGAStU3yheyER+YyPi2oOcB0bnK4834LRsMNib9y8vjFfD6DXr1Y+0xWQ+LjvYXOEBo46Mno3VxUZs26XU4jdeE4rs9FF3csNwjN+8MP+wFmoKt35h1PnMc6llt2Pnw01TU5aWOtIuy4eDhSLsVHxM7ItcZ1CrtUKH/kU98wfk0FRbxuDgzNv8XW5jLhSvIFq76GqiyqDvE60PRaBKhbLcYGkqoInS8gA4R0GWlshnqfIyvwNqiHVMMmUSQY8po8A1AjwxtCwuh7sKKZmzrJeoPo2k/xW6+Zow3/BzVr8/gsfzcsF2B9gWIh8hth9dySPAzx2EmFsGg8m2XunVJOLMFyySep2grH/bbQegJ7eA1VtEMJLPqecS5ZEvU9alIYU6SCeMthRKsY4Ki4dvmRqsdz5ZcbhjHSySxvNevSA1TVmkuycDfJaY16LE2TRI6jYrdQ0a1KfNUqyDwZ932G8mzx38m8v4QevZD7E3T2EPaO42DWoMY+jV+Cr4c4xeYmWvVR9pkpMBeld9z6ITyjTUQy+A/Dqcw== arangua@Jose",
            "region": "us-east-2",
            "tags": {
              "Environment": "production",
              "Name": "todoing-key"
            },
            "tags_all": {
              "Environment": "production",
              "Name": "todoing-key"
            }
          },
          "sensitive_attributes": [],
          "identity_schema_version": 0,
          "private": "eyJzY2hlbWFfdmVyc2lvbiI6IjEifQ=="
        }
      ]
    },
    {
      "mode": "managed",
      "type": "aws_security_group",
      "name": "todoing_sg",
      "provider": "provider[\"registry.terraform.io/hashicorp/aws\"]",
      "instances": [
        {
          "schema_version": 1,
          "attributes": {
            "arn": "arn:aws:ec2:us-east-2:152687308525:security-group/sg-0340265c0cf23bb16",
            "description": "Security group for ToDoing application",
            "egress": [
              {
                "cidr_blocks": [
                  "0.0.0.0/0"
                ],
                "description": "",
                "from_port": 0,
                "ipv6_cidr_blocks": [],
                "prefix_list_ids": [],
                "protocol": "-1",
                "security_groups": [],
                "self": false,
                "to_port": 0
              }
            ],
            "id": "sg-0340265c0cf23bb16",
            "ingress": [
              {
                "cidr_blocks": [
                  "0.0.0.0/0"
                ],
                "description": "Application Port",
                "from_port": 8080,
                "ipv6_cidr_blocks": [],
                "prefix_list_ids": [],
                "protocol": "tcp",
                "security_groups": [],
                "self": false,
                "to_port": 8080
              },
              {
                "cidr_blocks": [
                  "0.0.0.0/0"
                ],
                "description": "HTTP",
                "from_port": 80,
                "ipv6_cidr_blocks": [],
                "prefix_list_ids": [],
                "protocol": "tcp",
                "security_groups": [],
                "self": false,
                "to_port": 80
              },
              {
                "cidr_blocks": [
                  "0.0.0.0/0"
                ],
                "description": "MongoDB",
                "from_port": 27017,
                "ipv6_cidr_blocks": [],
                "prefix_list_ids": [],
                "protocol": "tcp",
                "security_groups": [],
                "self": false,
                "to_port": 27017
              },
              {
                "cidr_blocks": [
                  "0.0.0.0/0"
                ],
                "description": "SSH",
                "from_port": 22,
                "ipv6_cidr_blocks": [],
                "prefix_list_ids": [],
                "protocol": "tcp",
                "security_groups": [],
                "self": false,
                "to_port": 22
              }
            ],
            "name": "todoing-security-group",
            "name_prefix": "",
            "owner_id": "152687308525",
            "region": "us-east-2",
            "revoke_rules_on_delete": false,
            "tags": {
              "Environment": "production",
              "Name": "todoing-sg",
              "Project": "ToDoing"
            },
            "tags_all": {
              "Environment": "production",
              "Name": "todoing-sg",
              "Project": "ToDoing"
            },
            "timeouts": null,
            "vpc_id": "vpc-0dc492eac197cb14a"
          },
          "sensitive_attributes": [],
          "identity_schema_version": 0,
          "identity": {
            "account_id": "152687308525",
            "id": "sg-0340265c0cf23bb16",
            "region": "us-east-2"
          },
          "private": "eyJlMmJmYjczMC1lY2FhLTExZTYtOGY4OC0zNDM2M2JjN2M0YzAiOnsiY3JlYXRlIjo2MDAwMDAwMDAwMDAsImRlbGV0ZSI6OTAwMDAwMDAwMDAwfSwic2NoZW1hX3ZlcnNpb24iOiIxIn0=",
          "dependencies": [
            "data.aws_vpc.default"
          ]
        }
      ]
    },
    {
      "mode": "managed",
      "type": "local_file",
      "name": "ansible_inventory",
      "provider": "provider[\"registry.terraform.io/hashicorp/local\"]",
      "instances": [
        {
          "schema_version": 0,
          "attributes": {
            "content": "[todoing_servers]\n18.219.241.199\n\n[todoing_servers:vars]\nansible_user=ubuntu\nansible_ssh_private_key_file=/home/arangua/.ssh/ec2\nansible_python_interpreter=/usr/bin/python3",
            "content_base64": null,
            "content_base64sha256": "ZO/VhxcnD48PRZNkfXhzBUM+eTg5stGWE3oV7XnMhsg=",
            "content_base64sha512": "Duf+a3xXm5BmKp/z4lEU/JMmFhDldPH/vVVERMB2ONj7aN1hfudeA10nJOX/1me101z2p4HNcVEQDjIWB+hxtQ==",
            "content_md5": "ec4d1327bf346db249b3e5d2702e1ded",
            "content_sha1": "13dd510425aea68b22aeeb038c0626b2669d891f",
            "content_sha256": "64efd58717270f8f0f4593647d787305433e793839b2d196137a15ed79cc86c8",
            "content_sha512": "0ee7fe6b7c579b90662a9ff3e25114fc93261610e574f1ffbd554444c07638d8fb68dd617ee75e035d2724e5ffd667b5d35cf6a781cd7151100e321607e871b5",
            "directory_permission": "0777",
            "file_permission": "0777",
            "filename": "./inventory.ini",
            "id": "13dd510425aea68b22aeeb038c0626b2669d891f",
            "sensitive_content": null,
            "source": null
          },
          "sensitive_attributes": [
            [
              {
                "type": "get_attr",
                "value": "sensitive_content"
              }
            ]
          ],
          "identity_schema_version": 0,
          "dependencies": [
            "aws_instance.todoing_server",
            "aws_key_pair.todoing_key",
            "aws_security_group.todoing_sg",
            "data.aws_ami.ubuntu",
            "data.aws_vpc.default"
          ]
        }
      ]
    }
  ],
  "check_results": null
}
